
Microsoft Visual Studio Solution File, Format Version 12.00
# Visual Studio 2012
Project("{FAE04EC0-301F-11D3-BF4B-00C04F79EFBC}") = "MPGTracker", "MPGTracker\MPGTracker.csproj", "{26846E47-19CC-4D60-BBD1-262B4F229B51}"
EndProject
Project("{FAE04EC0-301F-11D3-BF4B-00C04F79EFBC}") = "MPGTracker.Tests", "MPGTracker.Tests\MPGTracker.Tests.csproj", "{3A5FD286-5FFC-49CA-AEBD-E941FA051E63}"
EndProject
Project("{2150E333-8FDC-42A3-9474-1A3956D46DE8}") = "Solution Items", "Solution Items", "{34C795BB-34C7-45F7-96C9-46C4A67B3C9B}"
	ProjectSection(SolutionItems) = preProject
		LICENSE.txt = LICENSE.txt
	EndProjectSection
EndProject
Global
	GlobalSection(SolutionConfigurationPlatforms) = preSolution
		Debug|Any CPU = Debug|Any CPU
		Release|Any CPU = Release|Any CPU
	EndGlobalSection
	GlobalSection(ProjectConfigurationPlatforms) = postSolution
		{26846E47-19CC-4D60-BBD1-262B4F229B51}.Debug|Any CPU.ActiveCfg = Debug|Any CPU
		{26846E47-19CC-4D60-BBD1-262B4F229B51}.Debug|Any CPU.Build.0 = Debug|Any CPU
		{26846E47-19CC-4D60-BBD1-262B4F229B51}.Release|Any CPU.ActiveCfg = Release|Any CPU
		{26846E47-19CC-4D60-BBD1-262B4F229B51}.Release|Any CPU.Build.0 = Release|Any CPU
		{3A5FD286-5FFC-49CA-AEBD-E941FA051E63}.Debug|Any CPU.ActiveCfg = Debug|Any CPU
		{3A5FD286-5FFC-49CA-AEBD-E941FA051E63}.Debug|Any CPU.Build.0 = Debug|Any CPU
		{3A5FD286-5FFC-49CA-AEBD-E941FA051E63}.Release|Any CPU.ActiveCfg = Release|Any CPU
		{3A5FD286-5FFC-49CA-AEBD-E941FA051E63}.Release|Any CPU.Build.0 = Release|Any CPU
	EndGlobalSection
	GlobalSection(SolutionProperties) = preSolution
		HideSolutionNode = FALSE
	EndGlobalSection
EndGlobal
